{
    "name": "sass-code-kit",
    "version": "1.3.1",
    "lockfileVersion": 1,
    "requires": true,
    "dependencies": {
        "ansi-styles": {
            "version": "3.2.1",
            "resolved": "https://registry.npm.taobao.org/ansi-styles/download/ansi-styles-3.2.1.tgz",
            "integrity": "sha1-QfuyAkPlCxK+DwS43tvwdSDOhB0=",
            "requires": {
                "color-convert": "^1.9.0"
            }
        },
        "anymatch": {
            "version": "3.1.1",
            "resolved": "https://registry.npm.taobao.org/anymatch/download/anymatch-3.1.1.tgz",
            "integrity": "sha1-xV7PAhheJGklk5kxDBc84xIzsUI=",
            "requires": {
                "normalize-path": "^3.0.0",
                "picomatch": "^2.0.4"
            }
        },
        "autoprefixer": {
            "version": "9.7.6",
            "resolved": "https://registry.npm.taobao.org/autoprefixer/download/autoprefixer-9.7.6.tgz?cache=0&sync_timestamp=1601167582745&other_urls=https%3A%2F%2Fregistry.npm.taobao.org%2Fautoprefixer%2Fdownload%2Fautoprefixer-9.7.6.tgz",
            "integrity": "sha1-Y6xbvAznk05plyB9W7ANaPqCk6Q=",
            "requires": {
                "browserslist": "^4.11.1",
                "caniuse-lite": "^1.0.30001039",
                "chalk": "^2.4.2",
                "normalize-range": "^0.1.2",
                "num2fraction": "^1.2.2",
                "postcss": "^7.0.27",
                "postcss-value-parser": "^4.0.3"
            }
        },
        "binary-extensions": {
            "version": "2.1.0",
            "resolved": "https://registry.npm.taobao.org/binary-extensions/download/binary-extensions-2.1.0.tgz?cache=0&other_urls=https%3A%2F%2Fregistry.npm.taobao.org%2Fbinary-extensions%2Fdownload%2Fbinary-extensions-2.1.0.tgz",
            "integrity": "sha1-MPpAyef+B9vIlWeM0ocCTeokHdk="
        },
        "braces": {
            "version": "3.0.2",
            "resolved": "https://registry.npm.taobao.org/braces/download/braces-3.0.2.tgz",
            "integrity": "sha1-NFThpGLujVmeI23zNs2epPiv4Qc=",
            "requires": {
                "fill-range": "^7.0.1"
            }
        },
        "browserslist": {
            "version": "4.14.5",
            "resolved": "https://registry.npm.taobao.org/browserslist/download/browserslist-4.14.5.tgz?cache=0&sync_timestamp=1600993129773&other_urls=https%3A%2F%2Fregistry.npm.taobao.org%2Fbrowserslist%2Fdownload%2Fbrowserslist-4.14.5.tgz",
            "integrity": "sha1-HHUUYaEC3cYOQJk2ObcJvn8sQBU=",
            "requires": {
                "caniuse-lite": "^1.0.30001135",
                "electron-to-chromium": "^1.3.571",
                "escalade": "^3.1.0",
                "node-releases": "^1.1.61"
            }
        },
        "caniuse-lite": {
            "version": "1.0.30001137",
            "resolved": "https://registry.npm.taobao.org/caniuse-lite/download/caniuse-lite-1.0.30001137.tgz?cache=0&sync_timestamp=1601010311206&other_urls=https%3A%2F%2Fregistry.npm.taobao.org%2Fcaniuse-lite%2Fdownload%2Fcaniuse-lite-1.0.30001137.tgz",
            "integrity": "sha1-bwEnsdN4h0JWGiWvNgehf8d4uAM="
        },
        "chalk": {
            "version": "2.4.2",
            "resolved": "https://registry.npm.taobao.org/chalk/download/chalk-2.4.2.tgz?cache=0&sync_timestamp=1573282918610&other_urls=https%3A%2F%2Fregistry.npm.taobao.org%2Fchalk%2Fdownload%2Fchalk-2.4.2.tgz",
            "integrity": "sha1-zUJUFnelQzPPVBpJEIwUMrRMlCQ=",
            "requires": {
                "ansi-styles": "^3.2.1",
                "escape-string-regexp": "^1.0.5",
                "supports-color": "^5.3.0"
            }
        },
        "chokidar": {
            "version": "3.4.2",
            "resolved": "https://registry.npm.taobao.org/chokidar/download/chokidar-3.4.2.tgz",
            "integrity": "sha1-ONyOZY3sOAl0HrPve7Ckf+QkIy0=",
            "requires": {
                "anymatch": "~3.1.1",
                "braces": "~3.0.2",
                "fsevents": "~2.1.2",
                "glob-parent": "~5.1.0",
                "is-binary-path": "~2.1.0",
                "is-glob": "~4.0.1",
                "normalize-path": "~3.0.0",
                "readdirp": "~3.4.0"
            }
        },
        "color-convert": {
            "version": "1.9.3",
            "resolved": "https://registry.npm.taobao.org/color-convert/download/color-convert-1.9.3.tgz?cache=0&sync_timestamp=1566248870121&other_urls=https%3A%2F%2Fregistry.npm.taobao.org%2Fcolor-convert%2Fdownload%2Fcolor-convert-1.9.3.tgz",
            "integrity": "sha1-u3GFBpDh8TZWfeYp0tVHHe2kweg=",
            "requires": {
                "color-name": "1.1.3"
            }
        },
        "color-name": {
            "version": "1.1.3",
            "resolved": "http://registry.npm.taobao.org/color-name/download/color-name-1.1.3.tgz",
            "integrity": "sha1-p9BVi9icQveV3UIyj3QIMcpTvCU="
        },
        "electron-to-chromium": {
            "version": "1.3.573",
            "resolved": "https://registry.npm.taobao.org/electron-to-chromium/download/electron-to-chromium-1.3.573.tgz?cache=0&sync_timestamp=1601076886071&other_urls=https%3A%2F%2Fregistry.npm.taobao.org%2Felectron-to-chromium%2Fdownload%2Felectron-to-chromium-1.3.573.tgz",
            "integrity": "sha1-aiHhPuiU60QWdzM9X+n6OkSWiaE="
        },
        "escalade": {
            "version": "3.1.0",
            "resolved": "https://registry.npm.taobao.org/escalade/download/escalade-3.1.0.tgz?cache=0&sync_timestamp=1600103241976&other_urls=https%3A%2F%2Fregistry.npm.taobao.org%2Fescalade%2Fdownload%2Fescalade-3.1.0.tgz",
            "integrity": "sha1-6OLXx6i3b27mTCGB1rgVFEFgLU4="
        },
        "escape-string-regexp": {
            "version": "1.0.5",
            "resolved": "https://registry.npm.taobao.org/escape-string-regexp/download/escape-string-regexp-1.0.5.tgz?cache=0&other_urls=https%3A%2F%2Fregistry.npm.taobao.org%2Fescape-string-regexp%2Fdownload%2Fescape-string-regexp-1.0.5.tgz",
            "integrity": "sha1-G2HAViGQqN/2rjuyzwIAyhMLhtQ="
        },
        "fill-range": {
            "version": "7.0.1",
            "resolved": "https://registry.npm.taobao.org/fill-range/download/fill-range-7.0.1.tgz",
            "integrity": "sha1-GRmmp8df44ssfHflGYU12prN2kA=",
            "requires": {
                "to-regex-range": "^5.0.1"
            }
        },
        "fsevents": {
            "version": "2.1.3",
            "resolved": "https://registry.npm.taobao.org/fsevents/download/fsevents-2.1.3.tgz",
            "integrity": "sha1-+3OHA66NL5/pAMM4Nt3r7ouX8j4=",
            "optional": true
        },
        "glob-parent": {
            "version": "5.1.1",
            "resolved": "https://registry.npm.taobao.org/glob-parent/download/glob-parent-5.1.1.tgz",
            "integrity": "sha1-tsHvQXxOVmPqSY8cRa+saRa7wik=",
            "requires": {
                "is-glob": "^4.0.1"
            }
        },
        "has-flag": {
            "version": "3.0.0",
            "resolved": "https://registry.npm.taobao.org/has-flag/download/has-flag-3.0.0.tgz?cache=0&other_urls=https%3A%2F%2Fregistry.npm.taobao.org%2Fhas-flag%2Fdownload%2Fhas-flag-3.0.0.tgz",
            "integrity": "sha1-tdRU3CGZriJWmfNGfloH87lVuv0="
        },
        "is-binary-path": {
            "version": "2.1.0",
            "resolved": "https://registry.npm.taobao.org/is-binary-path/download/is-binary-path-2.1.0.tgz",
            "integrity": "sha1-6h9/O4DwZCNug0cPhsCcJU+0Wwk=",
            "requires": {
                "binary-extensions": "^2.0.0"
            }
        },
        "is-extglob": {
            "version": "2.1.1",
            "resolved": "https://registry.npm.taobao.org/is-extglob/download/is-extglob-2.1.1.tgz",
            "integrity": "sha1-qIwCU1eR8C7TfHahueqXc8gz+MI="
        },
        "is-glob": {
            "version": "4.0.1",
            "resolved": "https://registry.npm.taobao.org/is-glob/download/is-glob-4.0.1.tgz",
            "integrity": "sha1-dWfb6fL14kZ7x3q4PEopSCQHpdw=",
            "requires": {
                "is-extglob": "^2.1.1"
            }
        },
        "is-number": {
            "version": "7.0.0",
            "resolved": "https://registry.npm.taobao.org/is-number/download/is-number-7.0.0.tgz",
            "integrity": "sha1-dTU0W4lnNNX4DE0GxQlVUnoU8Ss="
        },
        "lodash": {
            "version": "4.17.20",
            "resolved": "https://registry.npm.taobao.org/lodash/download/lodash-4.17.20.tgz?cache=0&sync_timestamp=1597335994883&other_urls=https%3A%2F%2Fregistry.npm.taobao.org%2Flodash%2Fdownload%2Flodash-4.17.20.tgz",
            "integrity": "sha1-tEqbYpe8tpjxxRo1RaKzs2jVnFI="
        },
        "node-releases": {
            "version": "1.1.61",
            "resolved": "https://registry.npm.taobao.org/node-releases/download/node-releases-1.1.61.tgz?cache=0&sync_timestamp=1599612925853&other_urls=https%3A%2F%2Fregistry.npm.taobao.org%2Fnode-releases%2Fdownload%2Fnode-releases-1.1.61.tgz",
            "integrity": "sha1-cHsPypzk4ReDYSukovy6CQR68W4="
        },
        "normalize-path": {
            "version": "3.0.0",
            "resolved": "https://registry.npm.taobao.org/normalize-path/download/normalize-path-3.0.0.tgz",
            "integrity": "sha1-Dc1p/yOhybEf0JeDFmRKA4ghamU="
        },
        "normalize-range": {
            "version": "0.1.2",
            "resolved": "http://registry.npm.taobao.org/normalize-range/download/normalize-range-0.1.2.tgz",
            "integrity": "sha1-LRDAa9/TEuqXd2laTShDlFa3WUI="
        },
        "num2fraction": {
            "version": "1.2.2",
            "resolved": "http://registry.npm.taobao.org/num2fraction/download/num2fraction-1.2.2.tgz",
            "integrity": "sha1-b2gragJ6Tp3fpFZM0lidHU5mnt4="
        },
        "picomatch": {
            "version": "2.2.2",
            "resolved": "https://registry.npm.taobao.org/picomatch/download/picomatch-2.2.2.tgz",
            "integrity": "sha1-IfMz6ba46v8CRo9RRupAbTRfTa0="
        },
        "postcss": {
            "version": "7.0.34",
            "resolved": "https://registry.npm.taobao.org/postcss/download/postcss-7.0.34.tgz?cache=0&sync_timestamp=1601163379178&other_urls=https%3A%2F%2Fregistry.npm.taobao.org%2Fpostcss%2Fdownload%2Fpostcss-7.0.34.tgz",
            "integrity": "sha1-8rr1fDYBDffeQAmUDyFTLBbWXCA=",
            "requires": {
                "chalk": "^2.4.2",
                "source-map": "^0.6.1",
                "supports-color": "^6.1.0"
            },
            "dependencies": {
                "supports-color": {
                    "version": "6.1.0",
                    "resolved": "https://registry.npm.taobao.org/supports-color/download/supports-color-6.1.0.tgz?cache=0&other_urls=https%3A%2F%2Fregistry.npm.taobao.org%2Fsupports-color%2Fdownload%2Fsupports-color-6.1.0.tgz",
                    "integrity": "sha1-B2Srxpxj1ayELdSGfo0CXogN+PM=",
                    "requires": {
                        "has-flag": "^3.0.0"
                    }
                }
            }
        },
        "postcss-scss": {
            "version": "2.0.0",
            "resolved": "https://registry.npm.taobao.org/postcss-scss/download/postcss-scss-2.0.0.tgz?cache=0&sync_timestamp=1601168782092&other_urls=https%3A%2F%2Fregistry.npm.taobao.org%2Fpostcss-scss%2Fdownload%2Fpostcss-scss-2.0.0.tgz",
            "integrity": "sha1-JIsKKK936nsysQEaug9zi9on3qE=",
            "requires": {
                "postcss": "^7.0.0"
            }
        },
        "postcss-sorting": {
            "version": "5.0.1",
            "resolved": "https://registry.npm.taobao.org/postcss-sorting/download/postcss-sorting-5.0.1.tgz?cache=0&sync_timestamp=1600302407324&other_urls=https%3A%2F%2Fregistry.npm.taobao.org%2Fpostcss-sorting%2Fdownload%2Fpostcss-sorting-5.0.1.tgz",
            "integrity": "sha1-ENXQBZ7qgzTazIIMASGGQDW8PxE=",
            "requires": {
                "lodash": "^4.17.14",
                "postcss": "^7.0.17"
            }
        },
        "postcss-value-parser": {
            "version": "4.1.0",
            "resolved": "https://registry.npm.taobao.org/postcss-value-parser/download/postcss-value-parser-4.1.0.tgz",
            "integrity": "sha1-RD9qIM7WSBor2k+oUypuVdeJoss="
        },
        "readdirp": {
            "version": "3.4.0",
            "resolved": "https://registry.npm.taobao.org/readdirp/download/readdirp-3.4.0.tgz",
            "integrity": "sha1-n9zN+ekVWAVEkiGsZF6DA6tbmto=",
            "requires": {
                "picomatch": "^2.2.1"
            }
        },
        "sass": {
            "version": "1.26.11",
            "resolved": "https://registry.npm.taobao.org/sass/download/sass-1.26.11.tgz?cache=0&sync_timestamp=1600391805984&other_urls=https%3A%2F%2Fregistry.npm.taobao.org%2Fsass%2Fdownload%2Fsass-1.26.11.tgz",
            "integrity": "sha1-DyLMSrK6J9rR1Mowg3vrNQtwmEc=",
            "requires": {
                "chokidar": ">=2.0.0 <4.0.0"
            }
        },
        "source-map": {
            "version": "0.6.1",
            "resolved": "http://registry.npm.taobao.org/source-map/download/source-map-0.6.1.tgz",
            "integrity": "sha1-dHIq8y6WFOnCh6jQu95IteLxomM="
        },
        "supports-color": {
            "version": "5.5.0",
            "resolved": "https://registry.npm.taobao.org/supports-color/download/supports-color-5.5.0.tgz?cache=0&other_urls=https%3A%2F%2Fregistry.npm.taobao.org%2Fsupports-color%2Fdownload%2Fsupports-color-5.5.0.tgz",
            "integrity": "sha1-4uaaRKyHcveKHsCzW2id9lMO/I8=",
            "requires": {
                "has-flag": "^3.0.0"
            }
        },
        "to-regex-range": {
            "version": "5.0.1",
            "resolved": "https://registry.npm.taobao.org/to-regex-range/download/to-regex-range-5.0.1.tgz",
            "integrity": "sha1-FkjESq58jZiKMmAY7XL1tN0DkuQ=",
            "requires": {
                "is-number": "^7.0.0"
            }
        }
    }
}
